// !$*UTF8*$!
{
	archiveVersion = 1;
	classes = {
	};
	objectVersion = 46;
	objects = {

/* Begin PBXBuildFile section */
		B383807D1FBAE45300746739 /* AppDelegate.swift in Sources */ = {isa = PBXBuildFile; fileRef = B383807C1FBAE45300746739 /* AppDelegate.swift */; };
		B383807F1FBAE45300746739 /* ViewController.swift in Sources */ = {isa = PBXBuildFile; fileRef = B383807E1FBAE45300746739 /* ViewController.swift */; };
		B38380821FBAE45300746739 /* Main.storyboard in Resources */ = {isa = PBXBuildFile; fileRef = B38380801FBAE45300746739 /* Main.storyboard */; };
		B38380841FBAE45300746739 /* Assets.xcassets in Resources */ = {isa = PBXBuildFile; fileRef = B38380831FBAE45300746739 /* Assets.xcassets */; };
		B38380871FBAE45300746739 /* LaunchScreen.storyboard in Resources */ = {isa = PBXBuildFile; fileRef = B38380851FBAE45300746739 /* LaunchScreen.storyboard */; };
/* End PBXBuildFile section */

/* Begin PBXFileReference section */
		B38380791FBAE45300746739 /* Onboarding.app */ = {isa = PBXFileReference; explicitFileType = wrapper.application; includeInIndex = 0; path = Onboarding.app; sourceTree = BUILT_PRODUCTS_DIR; };
		B383807C1FBAE45300746739 /* AppDelegate.swift */ = {isa = PBXFileReference; lastKnownFileType = sourcecode.swift; path = AppDelegate.swift; sourceTree = "<group>"; };
		B383807E1FBAE45300746739 /* ViewController.swift */ = {isa = PBXFileReference; lastKnownFileType = sourcecode.swift; path = ViewController.swift; sourceTree = "<group>"; };
		B38380811FBAE45300746739 /* Base */ = {isa = PBXFileReference; lastKnownFileType = file.storyboard; name = Base; path = Base.lproj/Main.storyboard; sourceTree = "<group>"; };
		B38380831FBAE45300746739 /* Assets.xcassets */ = {isa = PBXFileReference; lastKnownFileType = folder.assetcatalog; path = Assets.xcassets; sourceTree = "<group>"; };
		B38380861FBAE45300746739 /* Base */ = {isa = PBXFileReference; lastKnownFileType = file.storyboard; name = Base; path = Base.lproj/LaunchScreen.storyboard; sourceTree = "<group>"; };
		B38380881FBAE45300746739 /* Info.plist */ = {isa = PBXFileReference; lastKnownFileType = text.plist.xml; path = Info.plist; sourceTree = "<group>"; };
/* End PBXFileReference section */

/* Begin PBXFrameworksBuildPhase section */
		B38380761FBAE45300746739 /* Frameworks */ = {
			isa = PBXFrameworksBuildPhase;
			buildActionMask = 2147483647;
			files = (
			);
			runOnlyForDeploymentPostprocessing = 0;
		};
/* End PBXFrameworksBuildPhase section */

/* Begin PBXGroup section */
		B38380701FBAE45300746739 = {
			isa = PBXGroup;
			children = (
				B383807B1FBAE45300746739 /* Onboarding */,
				B383807A1FBAE45300746739 /* Products */,
			);
			sourceTree = "<group>";
		};
		B383807A1FBAE45300746739 /* Products */ = {
			isa = PBXGroup;
			children = (
				B38380791FBAE45300746739 /* Onboarding.app */,
			);
			name = Products;
			sourceTree = "<group>";
		};
		B383807B1FBAE45300746739 /* Onboarding */ = {
			isa = PBXGroup;
			children = (
				B383807C1FBAE45300746739 /* AppDelegate.swift */,
				B383807E1FBAE45300746739 /* ViewController.swift */,
				B38380801FBAE45300746739 /* Main.storyboard */,
				B38380831FBAE45300746739 /* Assets.xcassets */,
				B38380851FBAE45300746739 /* LaunchScreen.storyboard */,
				B38380881FBAE45300746739 /* Info.plist */,
			);
			path = Onboarding;
			sourceTree = "<group>";
		};
/* End PBXGroup section */

/* Begin PBXNativeTarget section */
		B38380781FBAE45300746739 /* Onboarding */ = {
			isa = PBXNativeTarget;
			buildConfigurationList = B383808B1FBAE45300746739 /* Build configuration list for PBXNativeTarget "Onboarding" */;
			buildPhases = (
				B38380751FBAE45300746739 /* Sources */,
				B38380761FBAE45300746739 /* Frameworks */,
				B38380771FBAE45300746739 /* Resources */,
			);
			buildRules = (
			);
			dependencies = (
			);
			name = Onboarding;
			productName = Onboarding;
			productReference = B38380791FBAE45300746739 /* Onboarding.app */;
			productType = "com.apple.product-type.application";
		};
/* End PBXNativeTarget section */

/* Begin PBXProject section */
		B38380711FBAE45300746739 /* Project object */ = {
			isa = PBXProject;
			attributes = {
				LastSwiftUpdateCheck = 0830;
				LastUpgradeCheck = 0830;
				ORGANIZATIONNAME = Steven;
				TargetAttributes = {
					B38380781FBAE45300746739 = {
						CreatedOnToolsVersion = 8.3.3;
						DevelopmentTeam = 8D58TTN334;
						ProvisioningStyle = Automatic;
					};
				};
			};
			buildConfigurationList = B38380741FBAE45300746739 /* Build configuration list for PBXProject "Onboarding" */;
			compatibilityVersion = "Xcode 3.2";
			developmentRegion = English;
			hasScannedForEncodings = 0;
			knownRegions = (
				en,
				Base,
			);
			mainGroup = B38380701FBAE45300746739;
			productRefGroup = B383807A1FBAE45300746739 /* Products */;
			projectDirPath = "";
			projectRoot = "";
			targets = (
				B38380781FBAE45300746739 /* Onboarding */,
			);
		};
/* End PBXProject section */

/* Begin PBXResourcesBuildPhase section */
		B38380771FBAE45300746739 /* Resources */ = {
			isa = PBXResourcesBuildPhase;
			buildActionMask = 2147483647;
			files = (
				B38380871FBAE45300746739 /* LaunchScreen.storyboard in Resources */,
				B38380841FBAE45300746739 /* Assets.xcassets in Resources */,
				B38380821FBAE45300746739 /* Main.storyboard in Resources */,
			);
			runOnlyForDeploymentPostprocessing = 0;
		};
/* End PBXResourcesBuildPhase section */

/* Begin PBXSourcesBuildPhase section */
		B38380751FBAE45300746739 /* Sources */ = {
			isa = PBXSourcesBuildPhase;
			buildActionMask = 2147483647;
			files = (
				B383807F1FBAE45300746739 /* ViewController.swift in Sources */,
				B383807D1FBAE45300746739 /* AppDelegate.swift in Sources */,
			);
			runOnlyForDeploymentPostprocessing = 0;
		};
/* End PBXSourcesBuildPhase section */

/* Begin PBXVariantGroup section */
		B38380801FBAE45300746739 /* Main.storyboard */ = {
			isa = PBXVariantGroup;
			children = (
				B38380811FBAE45300746739 /* Base */,
			);
			name = Main.storyboard;
			sourceTree = "<group>";
		};
		B38380851FBAE45300746739 /* LaunchScreen.storyboard */ = {
			isa = PBXVariantGroup;
			children = (
				B38380861FBAE45300746739 /* Base */,
			);
			name = LaunchScreen.storyboard;
			sourceTree = "<group>";
		};
/* End PBXVariantGroup section */

/* Begin XCBuildConfiguration section */
		B38380891FBAE45300746739 /* Debug */ = {
			isa = XCBuildConfiguration;
			buildSettings = {
				ALWAYS_SEARCH_USER_PATHS = NO;
				CLANG_ANALYZER_NONNULL = YES;
				CLANG_ANALYZER_NUMBER_OBJECT_CONVERSION = YES_AGGRESSIVE;
				CLANG_CXX_LANGUAGE_STANDARD = "gnu++0x";
				CLANG_CXX_LIBRARY = "libc++";
				CLANG_ENABLE_MODULES = YES;
				CLANG_ENABLE_OBJC_ARC = YES;
				CLANG_WARN_BOOL_CONVERSION = YES;
				CLANG_WARN_CONSTANT_CONVERSION = YES;
				CLANG_WARN_DIRECT_OBJC_ISA_USAGE = YES_ERROR;
				CLANG_WARN_DOCUMENTATION_COMMENTS = YES;
				CLANG_WARN_EMPTY_BODY = YES;
				CLANG_WARN_ENUM_CONVERSION = YES;
				CLANG_WARN_INFINITE_RECURSION = YES;
				CLANG_WARN_INT_CONVERSION = YES;
				CLANG_WARN_OBJC_ROOT_CLASS = YES_ERROR;
				CLANG_WARN_SUSPICIOUS_MOVE = YES;
				CLANG_WARN_UNREACHABLE_CODE = YES;
				CLANG_WARN__DUPLICATE_METHOD_MATCH = YES;
				"CODE_SIGN_IDENTITY[sdk=iphoneos*]" = "iPhone Developer";
				COPY_PHASE_STRIP = NO;
				DEBUG_INFORMATION_FORMAT = dwarf;
				ENABLE_STRICT_OBJC_MSGSEND = YES;
				ENABLE_TESTABILITY = YES;
				GCC_C_LANGUAGE_STANDARD = gnu99;
				GCC_DYNAMIC_NO_PIC = NO;
				GCC_NO_COMMON_BLOCKS = YES;
				GCC_OPTIMIZATION_LEVEL = 0;
				GCC_PREPROCESSOR_DEFINITIONS = (
					"DEBUG=1",
					"$(inherited)",
				);
				GCC_WARN_64_TO_32_BIT_CONVERSION = YES;
				GCC_WARN_ABOUT_RETURN_TYPE = YES_ERROR;
				GCC_WARN_UNDECLARED_SELECTOR = YES;
				GCC_WARN_UNINITIALIZED_AUTOS = YES_AGGRESSIVE;
				GCC_WARN_UNUSED_FUNCTION = YES;
				GCC_WARN_UNUSED_VARIABLE = YES;
				IPHONEOS_DEPLOYMENT_TARGET = 10.3;
				MTL_ENABLE_DEBUG_INFO = YES;
				ONLY_ACTIVE_ARCH = YES;
				SDKROOT = iphoneos;
				SWIFT_ACTIVE_COMPILATION_CONDITIONS = DEBUG;
				SWIFT_OPTIMIZATION_LEVEL = "-Onone";
			};
			name = Debug;
		};
		B383808A1FBAE45300746739 /* Release */ = {
			isa = XCBuildConfiguration;
			buildSettings = {
				ALWAYS_SEARCH_USER_PATHS = NO;
				CLANG_ANALYZER_NONNULL = YES;
				CLANG_ANALYZER_NUMBER_OBJECT_CONVERSION = YES_AGGRESSIVE;
				CLANG_CXX_LANGUAGE_STANDARD = "gnu++0x";
				CLANG_CXX_LIBRARY = "libc++";
				CLANG_ENABLE_MODULES = YES;
				CLANG_ENABLE_OBJC_ARC = YES;
				CLANG_WARN_BOOL_CONVERSION = YES;
				CLANG_WARN_CONSTANT_CONVERSION = YES;
				CLANG_WARN_DIRECT_OBJC_ISA_USAGE = YES_ERROR;
				CLANG_WARN_DOCUMENTATION_COMMENTS = YES;
				CLANG_WARN_EMPTY_BODY = YES;
				CLANG_WARN_ENUM_CONVERSION = YES;
				CLANG_WARN_INFINITE_RECURSION = YES;
				CLANG_WARN_INT_CONVERSION = YES;
				CLANG_WARN_OBJC_ROOT_CLASS = YES_ERROR;
				CLANG_WARN_SUSPICIOUS_MOVE = YES;
				CLANG_WARN_UNREACHABLE_CODE = YES;
				CLANG_WARN__DUPLICATE_METHOD_MATCH = YES;
				"CODE_SIGN_IDENTITY[sdk=iphoneos*]" = "iPhone Developer";
				COPY_PHASE_STRIP = NO;
				DEBUG_INFORMATION_FORMAT = "dwarf-with-dsym";
				ENABLE_NS_ASSERTIONS = NO;
				ENABLE_STRICT_OBJC_MSGSEND = YES;
				GCC_C_LANGUAGE_STANDARD = gnu99;
				GCC_NO_COMMON_BLOCKS = YES;
				GCC_WARN_64_TO_32_BIT_CONVERSION = YES;
				GCC_WARN_ABOUT_RETURN_TYPE = YES_ERROR;
				GCC_WARN_UNDECLARED_SELECTOR = YES;
				GCC_WARN_UNINITIALIZED_AUTOS = YES_AGGRESSIVE;
				GCC_WARN_UNUSED_FUNCTION = YES;
				GCC_WARN_UNUSED_VARIABLE = YES;
				IPHONEOS_DEPLOYMENT_TARGET = 10.3;
				MTL_ENABLE_DEBUG_INFO = NO;
				SDKROOT = iphoneos;
				SWIFT_OPTIMIZATION_LEVEL = "-Owholemodule";
				VALIDATE_PRODUCT = YES;
			};
			name = Release;
		};
		B383808C1FBAE45300746739 /* Debug */ = {
			isa = XCBuildConfiguration;
			buildSettings = {
				ASSETCATALOG_COMPILER_APPICON_NAME = AppIcon;
				DEVELOPMENT_TEAM = 8D58TTN334;
				INFOPLIST_FILE = Onboarding/Info.plist;
				LD_RUNPATH_SEARCH_PATHS = "$(inherited) @executable_path/Frameworks";
				PRODUCT_BUNDLE_IDENTIFIER = tw.codingonmac.steven.Onboarding;
				PRODUCT_NAME = "$(TARGET_NAME)";
				SWIFT_VERSION = 3.0;
			};
			name = Debug;
		};
		B383808D1FBAE45300746739 /* Release */ = {
			isa = XCBuildConfiguration;
			buildSettings = {
				ASSETCATALOG_COMPILER_APPICON_NAME = AppIcon;
				DEVELOPMENT_TEAM = 8D58TTN334;
				INFOPLIST_FILE = Onboarding/Info.plist;
				LD_RUNPATH_SEARCH_PATHS = "$(inherited) @executable_path/Frameworks";
				PRODUCT_BUNDLE_IDENTIFIER = tw.codingonmac.steven.Onboarding;
				PRODUCT_NAME = "$(TARGET_NAME)";
				SWIFT_VERSION = 3.0;
			};
			name = Release;
		};
/* End XCBuildConfiguration section */

/* Begin XCConfigurationList section */
		B38380741FBAE45300746739 /* Build configuration list for PBXProject "Onboarding" */ = {
			isa = XCConfigurationList;
			buildConfigurations = (
				B38380891FBAE45300746739 /* Debug */,
				B383808A1FBAE45300746739 /* Release */,
			);
			defaultConfigurationIsVisible = 0;
			defaultConfigurationName = Release;
		};
		B383808B1FBAE45300746739 /* Build configuration list for PBXNativeTarget "Onboarding" */ = {
			isa = XCConfigurationList;
			buildConfigurations = (
				B383808C1FBAE45300746739 /* Debug */,
				B383808D1FBAE45300746739 /* Release */,
			);
			defaultConfigurationIsVisible = 0;
		};
/* End XCConfigurationList section */
	};
	rootObject = B38380711FBAE45300746739 /* Project object */;
}
